// !$*UTF8*$!
{
	archiveVersion = 1;
	classes = {
	};
	objectVersion = 46;
	objects = {

/* Begin PBXBuildFile section */
		E13ABC171E62DAFE00D67CCA /* AppDelegate.swift in Sources */ = {isa = PBXBuildFile; fileRef = E13ABC161E62DAFE00D67CCA /* AppDelegate.swift */; };
		E13ABC191E62DAFE00D67CCA /* ViewController.swift in Sources */ = {isa = PBXBuildFile; fileRef = E13ABC181E62DAFE00D67CCA /* ViewController.swift */; };
		E13ABC1C1E62DAFE00D67CCA /* Main.storyboard in Resources */ = {isa = PBXBuildFile; fileRef = E13ABC1A1E62DAFE00D67CCA /* Main.storyboard */; };
		E13ABC1E1E62DAFE00D67CCA /* Assets.xcassets in Resources */ = {isa = PBXBuildFile; fileRef = E13ABC1D1E62DAFE00D67CCA /* Assets.xcassets */; };
		E13ABC211E62DAFE00D67CCA /* LaunchScreen.storyboard in Resources */ = {isa = PBXBuildFile; fileRef = E13ABC1F1E62DAFE00D67CCA /* LaunchScreen.storyboard */; };
		E13ABC2C1E62DBD000D67CCA /* Test.swift in Sources */ = {isa = PBXBuildFile; fileRef = E13ABC2B1E62DBD000D67CCA /* Test.swift */; };
/* End PBXBuildFile section */

/* Begin PBXFileReference section */
		E13ABC131E62DAFE00D67CCA /* MyPod.app */ = {isa = PBXFileReference; explicitFileType = wrapper.application; includeInIndex = 0; path = MyPod.app; sourceTree = BUILT_PRODUCTS_DIR; };
		E13ABC161E62DAFE00D67CCA /* AppDelegate.swift */ = {isa = PBXFileReference; lastKnownFileType = sourcecode.swift; path = AppDelegate.swift; sourceTree = "<group>"; };
		E13ABC181E62DAFE00D67CCA /* ViewController.swift */ = {isa = PBXFileReference; lastKnownFileType = sourcecode.swift; path = ViewController.swift; sourceTree = "<group>"; };
		E13ABC1B1E62DAFE00D67CCA /* Base */ = {isa = PBXFileReference; lastKnownFileType = file.storyboard; name = Base; path = Base.lproj/Main.storyboard; sourceTree = "<group>"; };
		E13ABC1D1E62DAFE00D67CCA /* Assets.xcassets */ = {isa = PBXFileReference; lastKnownFileType = folder.assetcatalog; path = Assets.xcassets; sourceTree = "<group>"; };
		E13ABC201E62DAFE00D67CCA /* Base */ = {isa = PBXFileReference; lastKnownFileType = file.storyboard; name = Base; path = Base.lproj/LaunchScreen.storyboard; sourceTree = "<group>"; };
		E13ABC221E62DAFE00D67CCA /* Info.plist */ = {isa = PBXFileReference; lastKnownFileType = text.plist.xml; path = Info.plist; sourceTree = "<group>"; };
		E13ABC2B1E62DBD000D67CCA /* Test.swift */ = {isa = PBXFileReference; fileEncoding = 4; lastKnownFileType = sourcecode.swift; name = Test.swift; path = Classes/Test.swift; sourceTree = "<group>"; };
/* End PBXFileReference section */

/* Begin PBXFrameworksBuildPhase section */
		E13ABC101E62DAFE00D67CCA /* Frameworks */ = {
			isa = PBXFrameworksBuildPhase;
			buildActionMask = 2147483647;
			files = (
			);
			runOnlyForDeploymentPostprocessing = 0;
		};
/* End PBXFrameworksBuildPhase section */

/* Begin PBXGroup section */
		E13ABC0A1E62DAFE00D67CCA = {
			isa = PBXGroup;
			children = (
				E13ABC151E62DAFE00D67CCA /* MyPod */,
				E13ABC141E62DAFE00D67CCA /* Products */,
			);
			sourceTree = "<group>";
		};
		E13ABC141E62DAFE00D67CCA /* Products */ = {
			isa = PBXGroup;
			children = (
				E13ABC131E62DAFE00D67CCA /* MyPod.app */,
			);
			name = Products;
			sourceTree = "<group>";
		};
		E13ABC151E62DAFE00D67CCA /* MyPod */ = {
			isa = PBXGroup;
			children = (
				E13ABC281E62DB9C00D67CCA /* Classes */,
				E13ABC161E62DAFE00D67CCA /* AppDelegate.swift */,
				E13ABC181E62DAFE00D67CCA /* ViewController.swift */,
				E13ABC1A1E62DAFE00D67CCA /* Main.storyboard */,
				E13ABC1D1E62DAFE00D67CCA /* Assets.xcassets */,
				E13ABC1F1E62DAFE00D67CCA /* LaunchScreen.storyboard */,
				E13ABC221E62DAFE00D67CCA /* Info.plist */,
			);
			path = MyPod;
			sourceTree = "<group>";
		};
		E13ABC281E62DB9C00D67CCA /* Classes */ = {
			isa = PBXGroup;
			children = (
				E13ABC2B1E62DBD000D67CCA /* Test.swift */,
			);
			name = Classes;
			sourceTree = "<group>";
		};
/* End PBXGroup section */

/* Begin PBXNativeTarget section */
		E13ABC121E62DAFE00D67CCA /* MyPod */ = {
			isa = PBXNativeTarget;
			buildConfigurationList = E13ABC251E62DAFE00D67CCA /* Build configuration list for PBXNativeTarget "MyPod" */;
			buildPhases = (
				E13ABC0F1E62DAFE00D67CCA /* Sources */,
				E13ABC101E62DAFE00D67CCA /* Frameworks */,
				E13ABC111E62DAFE00D67CCA /* Resources */,
			);
			buildRules = (
			);
			dependencies = (
			);
			name = MyPod;
			productName = MyPod;
			productReference = E13ABC131E62DAFE00D67CCA /* MyPod.app */;
			productType = "com.apple.product-type.application";
		};
/* End PBXNativeTarget section */

/* Begin PBXProject section */
		E13ABC0B1E62DAFE00D67CCA /* Project object */ = {
			isa = PBXProject;
			attributes = {
				LastSwiftUpdateCheck = 0820;
				LastUpgradeCheck = 0820;
				ORGANIZATIONNAME = Chicv;
				TargetAttributes = {
					E13ABC121E62DAFE00D67CCA = {
						CreatedOnToolsVersion = 8.2.1;
						DevelopmentTeam = 67GS2ZN438;
						ProvisioningStyle = Automatic;
					};
				};
			};
			buildConfigurationList = E13ABC0E1E62DAFE00D67CCA /* Build configuration list for PBXProject "MyPod" */;
			compatibilityVersion = "Xcode 3.2";
			developmentRegion = English;
			hasScannedForEncodings = 0;
			knownRegions = (
				en,
				Base,
			);
			mainGroup = E13ABC0A1E62DAFE00D67CCA;
			productRefGroup = E13ABC141E62DAFE00D67CCA /* Products */;
			projectDirPath = "";
			projectRoot = "";
			targets = (
				E13ABC121E62DAFE00D67CCA /* MyPod */,
			);
		};
/* End PBXProject section */

/* Begin PBXResourcesBuildPhase section */
		E13ABC111E62DAFE00D67CCA /* Resources */ = {
			isa = PBXResourcesBuildPhase;
			buildActionMask = 2147483647;
			files = (
				E13ABC211E62DAFE00D67CCA /* LaunchScreen.storyboard in Resources */,
				E13ABC1E1E62DAFE00D67CCA /* Assets.xcassets in Resources */,
				E13ABC1C1E62DAFE00D67CCA /* Main.storyboard in Resources */,
			);
			runOnlyForDeploymentPostprocessing = 0;
		};
/* End PBXResourcesBuildPhase section */

/* Begin PBXSourcesBuildPhase section */
		E13ABC0F1E62DAFE00D67CCA /* Sources */ = {
			isa = PBXSourcesBuildPhase;
			buildActionMask = 2147483647;
			files = (
				E13ABC191E62DAFE00D67CCA /* ViewController.swift in Sources */,
				E13ABC171E62DAFE00D67CCA /* AppDelegate.swift in Sources */,
				E13ABC2C1E62DBD000D67CCA /* Test.swift in Sources */,
			);
			runOnlyForDeploymentPostprocessing = 0;
		};
/* End PBXSourcesBuildPhase section */

/* Begin PBXVariantGroup section */
		E13ABC1A1E62DAFE00D67CCA /* Main.storyboard */ = {
			isa = PBXVariantGroup;
			children = (
				E13ABC1B1E62DAFE00D67CCA /* Base */,
			);
			name = Main.storyboard;
			sourceTree = "<group>";
		};
		E13ABC1F1E62DAFE00D67CCA /* LaunchScreen.storyboard */ = {
			isa = PBXVariantGroup;
			children = (
				E13ABC201E62DAFE00D67CCA /* Base */,
			);
			name = LaunchScreen.storyboard;
			sourceTree = "<group>";
		};
/* End PBXVariantGroup section */

/* Begin XCBuildConfiguration section */
		E13ABC231E62DAFE00D67CCA /* Debug */ = {
			isa = XCBuildConfiguration;
			buildSettings = {
				ALWAYS_SEARCH_USER_PATHS = NO;
				CLANG_ANALYZER_NONNULL = YES;
				CLANG_CXX_LANGUAGE_STANDARD = "gnu++0x";
				CLANG_CXX_LIBRARY = "libc++";
				CLANG_ENABLE_MODULES = YES;
				CLANG_ENABLE_OBJC_ARC = YES;
				CLANG_WARN_BOOL_CONVERSION = YES;
				CLANG_WARN_CONSTANT_CONVERSION = YES;
				CLANG_WARN_DIRECT_OBJC_ISA_USAGE = YES_ERROR;
				CLANG_WARN_DOCUMENTATION_COMMENTS = YES;
				CLANG_WARN_EMPTY_BODY = YES;
				CLANG_WARN_ENUM_CONVERSION = YES;
				CLANG_WARN_INFINITE_RECURSION = YES;
				CLANG_WARN_INT_CONVERSION = YES;
				CLANG_WARN_OBJC_ROOT_CLASS = YES_ERROR;
				CLANG_WARN_SUSPICIOUS_MOVE = YES;
				CLANG_WARN_UNREACHABLE_CODE = YES;
				CLANG_WARN__DUPLICATE_METHOD_MATCH = YES;
				"CODE_SIGN_IDENTITY[sdk=iphoneos*]" = "iPhone Developer";
				COPY_PHASE_STRIP = NO;
				DEBUG_INFORMATION_FORMAT = dwarf;
				ENABLE_STRICT_OBJC_MSGSEND = YES;
				ENABLE_TESTABILITY = YES;
				GCC_C_LANGUAGE_STANDARD = gnu99;
				GCC_DYNAMIC_NO_PIC = NO;
				GCC_NO_COMMON_BLOCKS = YES;
				GCC_OPTIMIZATION_LEVEL = 0;
				GCC_PREPROCESSOR_DEFINITIONS = (
					"DEBUG=1",
					"$(inherited)",
				);
				GCC_WARN_64_TO_32_BIT_CONVERSION = YES;
				GCC_WARN_ABOUT_RETURN_TYPE = YES_ERROR;
				GCC_WARN_UNDECLARED_SELECTOR = YES;
				GCC_WARN_UNINITIALIZED_AUTOS = YES_AGGRESSIVE;
				GCC_WARN_UNUSED_FUNCTION = YES;
				GCC_WARN_UNUSED_VARIABLE = YES;
				IPHONEOS_DEPLOYMENT_TARGET = 10.2;
				MTL_ENABLE_DEBUG_INFO = YES;
				ONLY_ACTIVE_ARCH = YES;
				SDKROOT = iphoneos;
				SWIFT_ACTIVE_COMPILATION_CONDITIONS = DEBUG;
				SWIFT_OPTIMIZATION_LEVEL = "-Onone";
			};
			name = Debug;
		};
		E13ABC241E62DAFE00D67CCA /* Release */ = {
			isa = XCBuildConfiguration;
			buildSettings = {
				ALWAYS_SEARCH_USER_PATHS = NO;
				CLANG_ANALYZER_NONNULL = YES;
				CLANG_CXX_LANGUAGE_STANDARD = "gnu++0x";
				CLANG_CXX_LIBRARY = "libc++";
				CLANG_ENABLE_MODULES = YES;
				CLANG_ENABLE_OBJC_ARC = YES;
				CLANG_WARN_BOOL_CONVERSION = YES;
				CLANG_WARN_CONSTANT_CONVERSION = YES;
				CLANG_WARN_DIRECT_OBJC_ISA_USAGE = YES_ERROR;
				CLANG_WARN_DOCUMENTATION_COMMENTS = YES;
				CLANG_WARN_EMPTY_BODY = YES;
				CLANG_WARN_ENUM_CONVERSION = YES;
				CLANG_WARN_INFINITE_RECURSION = YES;
				CLANG_WARN_INT_CONVERSION = YES;
				CLANG_WARN_OBJC_ROOT_CLASS = YES_ERROR;
				CLANG_WARN_SUSPICIOUS_MOVE = YES;
				CLANG_WARN_UNREACHABLE_CODE = YES;
				CLANG_WARN__DUPLICATE_METHOD_MATCH = YES;
				"CODE_SIGN_IDENTITY[sdk=iphoneos*]" = "iPhone Developer";
				COPY_PHASE_STRIP = NO;
				DEBUG_INFORMATION_FORMAT = "dwarf-with-dsym";
				ENABLE_NS_ASSERTIONS = NO;
				ENABLE_STRICT_OBJC_MSGSEND = YES;
				GCC_C_LANGUAGE_STANDARD = gnu99;
				GCC_NO_COMMON_BLOCKS = YES;
				GCC_WARN_64_TO_32_BIT_CONVERSION = YES;
				GCC_WARN_ABOUT_RETURN_TYPE = YES_ERROR;
				GCC_WARN_UNDECLARED_SELECTOR = YES;
				GCC_WARN_UNINITIALIZED_AUTOS = YES_AGGRESSIVE;
				GCC_WARN_UNUSED_FUNCTION = YES;
				GCC_WARN_UNUSED_VARIABLE = YES;
				IPHONEOS_DEPLOYMENT_TARGET = 10.2;
				MTL_ENABLE_DEBUG_INFO = NO;
				SDKROOT = iphoneos;
				SWIFT_OPTIMIZATION_LEVEL = "-Owholemodule";
				VALIDATE_PRODUCT = YES;
			};
			name = Release;
		};
		E13ABC261E62DAFE00D67CCA /* Debug */ = {
			isa = XCBuildConfiguration;
			buildSettings = {
				ASSETCATALOG_COMPILER_APPICON_NAME = AppIcon;
				DEVELOPMENT_TEAM = 67GS2ZN438;
				INFOPLIST_FILE = MyPod/Info.plist;
				LD_RUNPATH_SEARCH_PATHS = "$(inherited) @executable_path/Frameworks";
				PRODUCT_BUNDLE_IDENTIFIER = com.chicv.MyPod;
				PRODUCT_NAME = "$(TARGET_NAME)";
				SWIFT_VERSION = 3.0;
			};
			name = Debug;
		};
		E13ABC271E62DAFE00D67CCA /* Release */ = {
			isa = XCBuildConfiguration;
			buildSettings = {
				ASSETCATALOG_COMPILER_APPICON_NAME = AppIcon;
				DEVELOPMENT_TEAM = 67GS2ZN438;
				INFOPLIST_FILE = MyPod/Info.plist;
				LD_RUNPATH_SEARCH_PATHS = "$(inherited) @executable_path/Frameworks";
				PRODUCT_BUNDLE_IDENTIFIER = com.chicv.MyPod;
				PRODUCT_NAME = "$(TARGET_NAME)";
				SWIFT_VERSION = 3.0;
			};
			name = Release;
		};
/* End XCBuildConfiguration section */

/* Begin XCConfigurationList section */
		E13ABC0E1E62DAFE00D67CCA /* Build configuration list for PBXProject "MyPod" */ = {
			isa = XCConfigurationList;
			buildConfigurations = (
				E13ABC231E62DAFE00D67CCA /* Debug */,
				E13ABC241E62DAFE00D67CCA /* Release */,
			);
			defaultConfigurationIsVisible = 0;
			defaultConfigurationName = Release;
		};
		E13ABC251E62DAFE00D67CCA /* Build configuration list for PBXNativeTarget "MyPod" */ = {
			isa = XCConfigurationList;
			buildConfigurations = (
				E13ABC261E62DAFE00D67CCA /* Debug */,
				E13ABC271E62DAFE00D67CCA /* Release */,
			);
			defaultConfigurationIsVisible = 0;
		};
/* End XCConfigurationList section */
	};
	rootObject = E13ABC0B1E62DAFE00D67CCA /* Project object */;
}
